
Microsoft Visual Studio Solution File, Format Version 12.00
# Visual Studio Version 17
VisualStudioVersion = 17.5.002.0
MinimumVisualStudioVersion = 10.0.40219.1
Project("{9A19103F-16F7-4668-BE54-9A1E7A4F7556}") = "app2", "app2.csproj", "{0E42F90E-450A-4C87-BEE9-0A0A322EDDF6}"
EndProject
Global
	GlobalSection(SolutionConfigurationPlatforms) = preSolution
		Debug|Any CPU = Debug|Any CPU
		Release|Any CPU = Release|Any CPU
	EndGlobalSection
	GlobalSection(ProjectConfigurationPlatforms) = postSolution
		{0E42F90E-450A-4C87-BEE9-0A0A322EDDF6}.Debug|Any CPU.ActiveCfg = Debug|Any CPU
		{0E42F90E-450A-4C87-BEE9-0A0A322EDDF6}.Debug|Any CPU.Build.0 = Debug|Any CPU
		{0E42F90E-450A-4C87-BEE9-0A0A322EDDF6}.Release|Any CPU.ActiveCfg = Release|Any CPU
		{0E42F90E-450A-4C87-BEE9-0A0A322EDDF6}.Release|Any CPU.Build.0 = Release|Any CPU
	EndGlobalSection
	GlobalSection(SolutionProperties) = preSolution
		HideSolutionNode = FALSE
	EndGlobalSection
	GlobalSection(ExtensibilityGlobals) = postSolution
		SolutionGuid = {88466E68-912D-4DA2-9939-030CCED73E73}
	EndGlobalSection
EndGlobal
